{
  "nodes": {
    "flake-fhs": {
      "inputs": {
        "nixpkgs": [
          "nixpkgs"
        ]
      },
      "locked": {
        "lastModified": 1784956577,
        "narHash": "sha256-P5hbwGmmQwqB09lIiCi3PQhSg+oeggQFpMqYGrHOOQI=",
        "owner": "luochen1990",
        "repo": "flake-fhs",
        "rev": "a4e5d6f29400ed7b3a96c108e173a2d28e57f756",
        "type": "github"
      },
      "original": {
        "owner": "luochen1990",
        "repo": "flake-fhs",
        "type": "github"
      }
    },
    "nixpkgs": {
      "locked": {
        "lastModified": 1788614874,
        "narHash": "sha256-7QYjT2vHLuX9Z1pdxHXDKCbh1CR3D/2rywB9Tx0MPRg=",
        "owner": "NixOS",
        "repo": "nixpkgs",
        "rev": "c043004d1c6985732bcc1cbc5a9c9aecbbb4e0f0",
        "type": "github"
      },
      "original": {
        "owner": "NixOS",
        "ref": "nixos-unstable",
        "repo": "nixpkgs",
        "type": "github"
      }
    },
    "root": {
      "inputs": {
        "flake-fhs": "flake-fhs",
        "nixpkgs": "nixpkgs"
      }
    }
  },
  "root": "root",
  "version": 7
}
